// !$*UTF8*$!
{
	archiveVersion = 1;
	classes = {
	};
	objectVersion = 50;
	objects = {

/* Begin PBXBuildFile section */
		B424AA0B26B3C72400C94B05 /* UserAccountManager.swift in Sources */ = {isa = PBXBuildFile; fileRef = B424AA0A26B3C72400C94B05 /* UserAccountManager.swift */; };
		B424AA0E26B3D66A00C94B05 /* LoginViewController.swift in Sources */ = {isa = PBXBuildFile; fileRef = B424AA0D26B3D66A00C94B05 /* LoginViewController.swift */; };
		B42DB8E526AADDA0002B1C99 /* ViewController01.m in Sources */ = {isa = PBXBuildFile; fileRef = B42DB8E426AADDA0002B1C99 /* ViewController01.m */; };
		B43128AB26B7A184008CE8C8 /* FuncModuleViewController.swift in Sources */ = {isa = PBXBuildFile; fileRef = B43128AA26B7A184008CE8C8 /* FuncModuleViewController.swift */; };
		B43128BA26B80604008CE8C8 /* HBBaseNavigationController.m in Sources */ = {isa = PBXBuildFile; fileRef = B43128B926B80604008CE8C8 /* HBBaseNavigationController.m */; };
		B450E26E26AFAEF800862A0E /* RouterManager.m in Sources */ = {isa = PBXBuildFile; fileRef = B450E26D26AFAEF800862A0E /* RouterManager.m */; };
		B450E27226AFB00300862A0E /* ViewController02.m in Sources */ = {isa = PBXBuildFile; fileRef = B450E27126AFB00300862A0E /* ViewController02.m */; };
		B487A28826946B36007DDF21 /* AppDelegate.swift in Sources */ = {isa = PBXBuildFile; fileRef = B487A28726946B36007DDF21 /* AppDelegate.swift */; };
		B487A28C26946B36007DDF21 /* ViewController.swift in Sources */ = {isa = PBXBuildFile; fileRef = B487A28B26946B36007DDF21 /* ViewController.swift */; };
		B487A29126946B39007DDF21 /* Assets.xcassets in Resources */ = {isa = PBXBuildFile; fileRef = B487A29026946B39007DDF21 /* Assets.xcassets */; };
		B487A29426946B39007DDF21 /* LaunchScreen.storyboard in Resources */ = {isa = PBXBuildFile; fileRef = B487A29226946B39007DDF21 /* LaunchScreen.storyboard */; };
		B4D822F726A957AA006DEA9D /* RouterUsage.swift in Sources */ = {isa = PBXBuildFile; fileRef = B4D822F626A957AA006DEA9D /* RouterUsage.swift */; };
		B4D822FE26A95F9B006DEA9D /* RouterDefinition.swift in Sources */ = {isa = PBXBuildFile; fileRef = B4D822FD26A95F9B006DEA9D /* RouterDefinition.swift */; };
		F96244AB934B9CDB6AF9BCD6 /* Pods_Example_swift.framework in Frameworks */ = {isa = PBXBuildFile; fileRef = 789120AA5A94DFF58B6786A7 /* Pods_Example_swift.framework */; };
/* End PBXBuildFile section */

/* Begin PBXFileReference section */
		73A1A10840E333FDB5E55AE8 /* Pods-Example_swift.debug.xcconfig */ = {isa = PBXFileReference; includeInIndex = 1; lastKnownFileType = text.xcconfig; name = "Pods-Example_swift.debug.xcconfig"; path = "Target Support Files/Pods-Example_swift/Pods-Example_swift.debug.xcconfig"; sourceTree = "<group>"; };
		789120AA5A94DFF58B6786A7 /* Pods_Example_swift.framework */ = {isa = PBXFileReference; explicitFileType = wrapper.framework; includeInIndex = 0; path = Pods_Example_swift.framework; sourceTree = BUILT_PRODUCTS_DIR; };
		B424AA0A26B3C72400C94B05 /* UserAccountManager.swift */ = {isa = PBXFileReference; lastKnownFileType = sourcecode.swift; path = UserAccountManager.swift; sourceTree = "<group>"; };
		B424AA0D26B3D66A00C94B05 /* LoginViewController.swift */ = {isa = PBXFileReference; lastKnownFileType = sourcecode.swift; path = LoginViewController.swift; sourceTree = "<group>"; };
		B42DB8DB26AADD7A002B1C99 /* Example_swift-Bridging-Header.h */ = {isa = PBXFileReference; lastKnownFileType = sourcecode.c.h; path = "Example_swift-Bridging-Header.h"; sourceTree = "<group>"; };
		B42DB8E326AADDA0002B1C99 /* ViewController01.h */ = {isa = PBXFileReference; lastKnownFileType = sourcecode.c.h; path = ViewController01.h; sourceTree = "<group>"; };
		B42DB8E426AADDA0002B1C99 /* ViewController01.m */ = {isa = PBXFileReference; lastKnownFileType = sourcecode.c.objc; path = ViewController01.m; sourceTree = "<group>"; };
		B43128AA26B7A184008CE8C8 /* FuncModuleViewController.swift */ = {isa = PBXFileReference; lastKnownFileType = sourcecode.swift; path = FuncModuleViewController.swift; sourceTree = "<group>"; };
		B43128B826B80604008CE8C8 /* HBBaseNavigationController.h */ = {isa = PBXFileReference; lastKnownFileType = sourcecode.c.h; path = HBBaseNavigationController.h; sourceTree = "<group>"; };
		B43128B926B80604008CE8C8 /* HBBaseNavigationController.m */ = {isa = PBXFileReference; lastKnownFileType = sourcecode.c.objc; path = HBBaseNavigationController.m; sourceTree = "<group>"; };
		B450E26C26AFAEF800862A0E /* RouterManager.h */ = {isa = PBXFileReference; lastKnownFileType = sourcecode.c.h; path = RouterManager.h; sourceTree = "<group>"; };
		B450E26D26AFAEF800862A0E /* RouterManager.m */ = {isa = PBXFileReference; lastKnownFileType = sourcecode.c.objc; path = RouterManager.m; sourceTree = "<group>"; };
		B450E27026AFB00300862A0E /* ViewController02.h */ = {isa = PBXFileReference; lastKnownFileType = sourcecode.c.h; path = ViewController02.h; sourceTree = "<group>"; };
		B450E27126AFB00300862A0E /* ViewController02.m */ = {isa = PBXFileReference; lastKnownFileType = sourcecode.c.objc; path = ViewController02.m; sourceTree = "<group>"; };
		B487A28426946B36007DDF21 /* Example_swift.app */ = {isa = PBXFileReference; explicitFileType = wrapper.application; includeInIndex = 0; path = Example_swift.app; sourceTree = BUILT_PRODUCTS_DIR; };
		B487A28726946B36007DDF21 /* AppDelegate.swift */ = {isa = PBXFileReference; lastKnownFileType = sourcecode.swift; path = AppDelegate.swift; sourceTree = "<group>"; };
		B487A28B26946B36007DDF21 /* ViewController.swift */ = {isa = PBXFileReference; lastKnownFileType = sourcecode.swift; path = ViewController.swift; sourceTree = "<group>"; };
		B487A29026946B39007DDF21 /* Assets.xcassets */ = {isa = PBXFileReference; lastKnownFileType = folder.assetcatalog; path = Assets.xcassets; sourceTree = "<group>"; };
		B487A29326946B39007DDF21 /* Base */ = {isa = PBXFileReference; lastKnownFileType = file.storyboard; name = Base; path = Base.lproj/LaunchScreen.storyboard; sourceTree = "<group>"; };
		B487A29526946B39007DDF21 /* Info.plist */ = {isa = PBXFileReference; lastKnownFileType = text.plist.xml; path = Info.plist; sourceTree = "<group>"; };
		B4D822F626A957AA006DEA9D /* RouterUsage.swift */ = {isa = PBXFileReference; lastKnownFileType = sourcecode.swift; path = RouterUsage.swift; sourceTree = "<group>"; };
		B4D822FD26A95F9B006DEA9D /* RouterDefinition.swift */ = {isa = PBXFileReference; lastKnownFileType = sourcecode.swift; path = RouterDefinition.swift; sourceTree = SOURCE_ROOT; };
		D9FEBEEA4A116996F5FA1D4E /* Pods-Example_swift.release.xcconfig */ = {isa = PBXFileReference; includeInIndex = 1; lastKnownFileType = text.xcconfig; name = "Pods-Example_swift.release.xcconfig"; path = "Target Support Files/Pods-Example_swift/Pods-Example_swift.release.xcconfig"; sourceTree = "<group>"; };
/* End PBXFileReference section */

/* Begin PBXFrameworksBuildPhase section */
		B487A28126946B36007DDF21 /* Frameworks */ = {
			isa = PBXFrameworksBuildPhase;
			buildActionMask = 2147483647;
			files = (
				F96244AB934B9CDB6AF9BCD6 /* Pods_Example_swift.framework in Frameworks */,
			);
			runOnlyForDeploymentPostprocessing = 0;
		};
/* End PBXFrameworksBuildPhase section */

/* Begin PBXGroup section */
		3757019C889CA97C0BE65AE5 /* Frameworks */ = {
			isa = PBXGroup;
			children = (
				789120AA5A94DFF58B6786A7 /* Pods_Example_swift.framework */,
			);
			name = Frameworks;
			sourceTree = "<group>";
		};
		5879A6BC58248BFC64F32DD5 /* Pods */ = {
			isa = PBXGroup;
			children = (
				73A1A10840E333FDB5E55AE8 /* Pods-Example_swift.debug.xcconfig */,
				D9FEBEEA4A116996F5FA1D4E /* Pods-Example_swift.release.xcconfig */,
			);
			path = Pods;
			sourceTree = "<group>";
		};
		B42DB8E026AADD7E002B1C99 /* OC */ = {
			isa = PBXGroup;
			children = (
				B42DB8E326AADDA0002B1C99 /* ViewController01.h */,
				B42DB8E426AADDA0002B1C99 /* ViewController01.m */,
				B450E27026AFB00300862A0E /* ViewController02.h */,
				B450E27126AFB00300862A0E /* ViewController02.m */,
				B450E26C26AFAEF800862A0E /* RouterManager.h */,
				B450E26D26AFAEF800862A0E /* RouterManager.m */,
				B43128B826B80604008CE8C8 /* HBBaseNavigationController.h */,
				B43128B926B80604008CE8C8 /* HBBaseNavigationController.m */,
			);
			path = OC;
			sourceTree = "<group>";
		};
		B487A27B26946B36007DDF21 = {
			isa = PBXGroup;
			children = (
				B487A28626946B36007DDF21 /* Example_swift */,
				B487A28526946B36007DDF21 /* Products */,
				5879A6BC58248BFC64F32DD5 /* Pods */,
				3757019C889CA97C0BE65AE5 /* Frameworks */,
			);
			sourceTree = "<group>";
		};
		B487A28526946B36007DDF21 /* Products */ = {
			isa = PBXGroup;
			children = (
				B487A28426946B36007DDF21 /* Example_swift.app */,
			);
			name = Products;
			sourceTree = "<group>";
		};
		B487A28626946B36007DDF21 /* Example_swift */ = {
			isa = PBXGroup;
			children = (
				B487A28726946B36007DDF21 /* AppDelegate.swift */,
				B487A28B26946B36007DDF21 /* ViewController.swift */,
				B43128AA26B7A184008CE8C8 /* FuncModuleViewController.swift */,
				B4D822F626A957AA006DEA9D /* RouterUsage.swift */,
				B424AA0A26B3C72400C94B05 /* UserAccountManager.swift */,
				B424AA0D26B3D66A00C94B05 /* LoginViewController.swift */,
				B4D822FD26A95F9B006DEA9D /* RouterDefinition.swift */,
				B42DB8E026AADD7E002B1C99 /* OC */,
				B487A29026946B39007DDF21 /* Assets.xcassets */,
				B487A29226946B39007DDF21 /* LaunchScreen.storyboard */,
				B487A29526946B39007DDF21 /* Info.plist */,
				B42DB8DB26AADD7A002B1C99 /* Example_swift-Bridging-Header.h */,
			);
			path = Example_swift;
			sourceTree = "<group>";
		};
/* End PBXGroup section */

/* Begin PBXNativeTarget section */
		B487A28326946B36007DDF21 /* Example_swift */ = {
			isa = PBXNativeTarget;
			buildConfigurationList = B487A29826946B39007DDF21 /* Build configuration list for PBXNativeTarget "Example_swift" */;
			buildPhases = (
				17B10C2ACC9F1F503608C668 /* [CP] Check Pods Manifest.lock */,
				B487A28026946B36007DDF21 /* Sources */,
				B487A28126946B36007DDF21 /* Frameworks */,
				B487A28226946B36007DDF21 /* Resources */,
				27B5725B69AA70D41849CF06 /* [CP] Embed Pods Frameworks */,
			);
			buildRules = (
			);
			dependencies = (
			);
			name = Example_swift;
			productName = Example_swift;
			productReference = B487A28426946B36007DDF21 /* Example_swift.app */;
			productType = "com.apple.product-type.application";
		};
/* End PBXNativeTarget section */

/* Begin PBXProject section */
		B487A27C26946B36007DDF21 /* Project object */ = {
			isa = PBXProject;
			attributes = {
				LastSwiftUpdateCheck = 1230;
				LastUpgradeCheck = 1230;
				TargetAttributes = {
					B487A28326946B36007DDF21 = {
						CreatedOnToolsVersion = 12.3;
						LastSwiftMigration = 1230;
					};
				};
			};
			buildConfigurationList = B487A27F26946B36007DDF21 /* Build configuration list for PBXProject "Example_swift" */;
			compatibilityVersion = "Xcode 9.3";
			developmentRegion = en;
			hasScannedForEncodings = 0;
			knownRegions = (
				en,
				Base,
			);
			mainGroup = B487A27B26946B36007DDF21;
			productRefGroup = B487A28526946B36007DDF21 /* Products */;
			projectDirPath = "";
			projectRoot = "";
			targets = (
				B487A28326946B36007DDF21 /* Example_swift */,
			);
		};
/* End PBXProject section */

/* Begin PBXResourcesBuildPhase section */
		B487A28226946B36007DDF21 /* Resources */ = {
			isa = PBXResourcesBuildPhase;
			buildActionMask = 2147483647;
			files = (
				B487A29426946B39007DDF21 /* LaunchScreen.storyboard in Resources */,
				B487A29126946B39007DDF21 /* Assets.xcassets in Resources */,
			);
			runOnlyForDeploymentPostprocessing = 0;
		};
/* End PBXResourcesBuildPhase section */

/* Begin PBXShellScriptBuildPhase section */
		17B10C2ACC9F1F503608C668 /* [CP] Check Pods Manifest.lock */ = {
			isa = PBXShellScriptBuildPhase;
			buildActionMask = 2147483647;
			files = (
			);
			inputFileListPaths = (
			);
			inputPaths = (
				"${PODS_PODFILE_DIR_PATH}/Podfile.lock",
				"${PODS_ROOT}/Manifest.lock",
			);
			name = "[CP] Check Pods Manifest.lock";
			outputFileListPaths = (
			);
			outputPaths = (
				"$(DERIVED_FILE_DIR)/Pods-Example_swift-checkManifestLockResult.txt",
			);
			runOnlyForDeploymentPostprocessing = 0;
			shellPath = /bin/sh;
			shellScript = "diff \"${PODS_PODFILE_DIR_PATH}/Podfile.lock\" \"${PODS_ROOT}/Manifest.lock\" > /dev/null\nif [ $? != 0 ] ; then\n    # print error to STDERR\n    echo \"error: The sandbox is not in sync with the Podfile.lock. Run 'pod install' or update your CocoaPods installation.\" >&2\n    exit 1\nfi\n# This output is used by Xcode 'outputs' to avoid re-running this script phase.\necho \"SUCCESS\" > \"${SCRIPT_OUTPUT_FILE_0}\"\n";
			showEnvVarsInLog = 0;
		};
		27B5725B69AA70D41849CF06 /* [CP] Embed Pods Frameworks */ = {
			isa = PBXShellScriptBuildPhase;
			buildActionMask = 2147483647;
			files = (
			);
			inputFileListPaths = (
				"${PODS_ROOT}/Target Support Files/Pods-Example_swift/Pods-Example_swift-frameworks-${CONFIGURATION}-input-files.xcfilelist",
			);
			name = "[CP] Embed Pods Frameworks";
			outputFileListPaths = (
				"${PODS_ROOT}/Target Support Files/Pods-Example_swift/Pods-Example_swift-frameworks-${CONFIGURATION}-output-files.xcfilelist",
			);
			runOnlyForDeploymentPostprocessing = 0;
			shellPath = /bin/sh;
			shellScript = "\"${PODS_ROOT}/Target Support Files/Pods-Example_swift/Pods-Example_swift-frameworks.sh\"\n";
			showEnvVarsInLog = 0;
		};
/* End PBXShellScriptBuildPhase section */

/* Begin PBXSourcesBuildPhase section */
		B487A28026946B36007DDF21 /* Sources */ = {
			isa = PBXSourcesBuildPhase;
			buildActionMask = 2147483647;
			files = (
				B424AA0E26B3D66A00C94B05 /* LoginViewController.swift in Sources */,
				B450E26E26AFAEF800862A0E /* RouterManager.m in Sources */,
				B42DB8E526AADDA0002B1C99 /* ViewController01.m in Sources */,
				B43128BA26B80604008CE8C8 /* HBBaseNavigationController.m in Sources */,
				B424AA0B26B3C72400C94B05 /* UserAccountManager.swift in Sources */,
				B43128AB26B7A184008CE8C8 /* FuncModuleViewController.swift in Sources */,
				B450E27226AFB00300862A0E /* ViewController02.m in Sources */,
				B487A28C26946B36007DDF21 /* ViewController.swift in Sources */,
				B4D822F726A957AA006DEA9D /* RouterUsage.swift in Sources */,
				B487A28826946B36007DDF21 /* AppDelegate.swift in Sources */,
				B4D822FE26A95F9B006DEA9D /* RouterDefinition.swift in Sources */,
			);
			runOnlyForDeploymentPostprocessing = 0;
		};
/* End PBXSourcesBuildPhase section */

/* Begin PBXVariantGroup section */
		B487A29226946B39007DDF21 /* LaunchScreen.storyboard */ = {
			isa = PBXVariantGroup;
			children = (
				B487A29326946B39007DDF21 /* Base */,
			);
			name = LaunchScreen.storyboard;
			sourceTree = "<group>";
		};
/* End PBXVariantGroup section */

/* Begin XCBuildConfiguration section */
		B487A29626946B39007DDF21 /* Debug */ = {
			isa = XCBuildConfiguration;
			buildSettings = {
				ALWAYS_SEARCH_USER_PATHS = NO;
				CLANG_ANALYZER_NONNULL = YES;
				CLANG_ANALYZER_NUMBER_OBJECT_CONVERSION = YES_AGGRESSIVE;
				CLANG_CXX_LANGUAGE_STANDARD = "gnu++14";
				CLANG_CXX_LIBRARY = "libc++";
				CLANG_ENABLE_MODULES = YES;
				CLANG_ENABLE_OBJC_ARC = YES;
				CLANG_ENABLE_OBJC_WEAK = YES;
				CLANG_WARN_BLOCK_CAPTURE_AUTORELEASING = YES;
				CLANG_WARN_BOOL_CONVERSION = YES;
				CLANG_WARN_COMMA = YES;
				CLANG_WARN_CONSTANT_CONVERSION = YES;
				CLANG_WARN_DEPRECATED_OBJC_IMPLEMENTATIONS = YES;
				CLANG_WARN_DIRECT_OBJC_ISA_USAGE = YES_ERROR;
				CLANG_WARN_DOCUMENTATION_COMMENTS = YES;
				CLANG_WARN_EMPTY_BODY = YES;
				CLANG_WARN_ENUM_CONVERSION = YES;
				CLANG_WARN_INFINITE_RECURSION = YES;
				CLANG_WARN_INT_CONVERSION = YES;
				CLANG_WARN_NON_LITERAL_NULL_CONVERSION = YES;
				CLANG_WARN_OBJC_IMPLICIT_RETAIN_SELF = YES;
				CLANG_WARN_OBJC_LITERAL_CONVERSION = YES;
				CLANG_WARN_OBJC_ROOT_CLASS = YES_ERROR;
				CLANG_WARN_QUOTED_INCLUDE_IN_FRAMEWORK_HEADER = YES;
				CLANG_WARN_RANGE_LOOP_ANALYSIS = YES;
				CLANG_WARN_STRICT_PROTOTYPES = YES;
				CLANG_WARN_SUSPICIOUS_MOVE = YES;
				CLANG_WARN_UNGUARDED_AVAILABILITY = YES_AGGRESSIVE;
				CLANG_WARN_UNREACHABLE_CODE = YES;
				CLANG_WARN__DUPLICATE_METHOD_MATCH = YES;
				COPY_PHASE_STRIP = NO;
				DEBUG_INFORMATION_FORMAT = dwarf;
				ENABLE_STRICT_OBJC_MSGSEND = YES;
				ENABLE_TESTABILITY = YES;
				GCC_C_LANGUAGE_STANDARD = gnu11;
				GCC_DYNAMIC_NO_PIC = NO;
				GCC_NO_COMMON_BLOCKS = YES;
				GCC_OPTIMIZATION_LEVEL = 0;
				GCC_PREPROCESSOR_DEFINITIONS = (
					"DEBUG=1",
					"$(inherited)",
				);
				GCC_WARN_64_TO_32_BIT_CONVERSION = YES;
				GCC_WARN_ABOUT_RETURN_TYPE = YES_ERROR;
				GCC_WARN_UNDECLARED_SELECTOR = YES;
				GCC_WARN_UNINITIALIZED_AUTOS = YES_AGGRESSIVE;
				GCC_WARN_UNUSED_FUNCTION = YES;
				GCC_WARN_UNUSED_VARIABLE = YES;
				IPHONEOS_DEPLOYMENT_TARGET = 14.3;
				MTL_ENABLE_DEBUG_INFO = INCLUDE_SOURCE;
				MTL_FAST_MATH = YES;
				ONLY_ACTIVE_ARCH = YES;
				SDKROOT = iphoneos;
				SWIFT_ACTIVE_COMPILATION_CONDITIONS = DEBUG;
				SWIFT_OPTIMIZATION_LEVEL = "-Onone";
			};
			name = Debug;
		};
		B487A29726946B39007DDF21 /* Release */ = {
			isa = XCBuildConfiguration;
			buildSettings = {
				ALWAYS_SEARCH_USER_PATHS = NO;
				CLANG_ANALYZER_NONNULL = YES;
				CLANG_ANALYZER_NUMBER_OBJECT_CONVERSION = YES_AGGRESSIVE;
				CLANG_CXX_LANGUAGE_STANDARD = "gnu++14";
				CLANG_CXX_LIBRARY = "libc++";
				CLANG_ENABLE_MODULES = YES;
				CLANG_ENABLE_OBJC_ARC = YES;
				CLANG_ENABLE_OBJC_WEAK = YES;
				CLANG_WARN_BLOCK_CAPTURE_AUTORELEASING = YES;
				CLANG_WARN_BOOL_CONVERSION = YES;
				CLANG_WARN_COMMA = YES;
				CLANG_WARN_CONSTANT_CONVERSION = YES;
				CLANG_WARN_DEPRECATED_OBJC_IMPLEMENTATIONS = YES;
				CLANG_WARN_DIRECT_OBJC_ISA_USAGE = YES_ERROR;
				CLANG_WARN_DOCUMENTATION_COMMENTS = YES;
				CLANG_WARN_EMPTY_BODY = YES;
				CLANG_WARN_ENUM_CONVERSION = YES;
				CLANG_WARN_INFINITE_RECURSION = YES;
				CLANG_WARN_INT_CONVERSION = YES;
				CLANG_WARN_NON_LITERAL_NULL_CONVERSION = YES;
				CLANG_WARN_OBJC_IMPLICIT_RETAIN_SELF = YES;
				CLANG_WARN_OBJC_LITERAL_CONVERSION = YES;
				CLANG_WARN_OBJC_ROOT_CLASS = YES_ERROR;
				CLANG_WARN_QUOTED_INCLUDE_IN_FRAMEWORK_HEADER = YES;
				CLANG_WARN_RANGE_LOOP_ANALYSIS = YES;
				CLANG_WARN_STRICT_PROTOTYPES = YES;
				CLANG_WARN_SUSPICIOUS_MOVE = YES;
				CLANG_WARN_UNGUARDED_AVAILABILITY = YES_AGGRESSIVE;
				CLANG_WARN_UNREACHABLE_CODE = YES;
				CLANG_WARN__DUPLICATE_METHOD_MATCH = YES;
				COPY_PHASE_STRIP = NO;
				DEBUG_INFORMATION_FORMAT = "dwarf-with-dsym";
				ENABLE_NS_ASSERTIONS = NO;
				ENABLE_STRICT_OBJC_MSGSEND = YES;
				GCC_C_LANGUAGE_STANDARD = gnu11;
				GCC_NO_COMMON_BLOCKS = YES;
				GCC_WARN_64_TO_32_BIT_CONVERSION = YES;
				GCC_WARN_ABOUT_RETURN_TYPE = YES_ERROR;
				GCC_WARN_UNDECLARED_SELECTOR = YES;
				GCC_WARN_UNINITIALIZED_AUTOS = YES_AGGRESSIVE;
				GCC_WARN_UNUSED_FUNCTION = YES;
				GCC_WARN_UNUSED_VARIABLE = YES;
				IPHONEOS_DEPLOYMENT_TARGET = 14.3;
				MTL_ENABLE_DEBUG_INFO = NO;
				MTL_FAST_MATH = YES;
				SDKROOT = iphoneos;
				SWIFT_COMPILATION_MODE = wholemodule;
				SWIFT_OPTIMIZATION_LEVEL = "-O";
				VALIDATE_PRODUCT = YES;
			};
			name = Release;
		};
		B487A29926946B39007DDF21 /* Debug */ = {
			isa = XCBuildConfiguration;
			baseConfigurationReference = 73A1A10840E333FDB5E55AE8 /* Pods-Example_swift.debug.xcconfig */;
			buildSettings = {
				ASSETCATALOG_COMPILER_APPICON_NAME = AppIcon;
				ASSETCATALOG_COMPILER_GLOBAL_ACCENT_COLOR_NAME = AccentColor;
				CLANG_ENABLE_MODULES = YES;
				CODE_SIGN_STYLE = Automatic;
				DEVELOPMENT_TEAM = R9482QB963;
				INFOPLIST_FILE = Example_swift/Info.plist;
				IPHONEOS_DEPLOYMENT_TARGET = 12.0;
				LD_RUNPATH_SEARCH_PATHS = (
					"$(inherited)",
					"@executable_path/Frameworks",
				);
				PRODUCT_BUNDLE_IDENTIFIER = "com.flywithbug.Example-swift";
				PRODUCT_NAME = "$(TARGET_NAME)";
				SWIFT_OBJC_BRIDGING_HEADER = "Example_swift/Example_swift-Bridging-Header.h";
				SWIFT_OPTIMIZATION_LEVEL = "-Onone";
				SWIFT_VERSION = 5.0;
				TARGETED_DEVICE_FAMILY = "1,2";
			};
			name = Debug;
		};
		B487A29A26946B39007DDF21 /* Release */ = {
			isa = XCBuildConfiguration;
			baseConfigurationReference = D9FEBEEA4A116996F5FA1D4E /* Pods-Example_swift.release.xcconfig */;
			buildSettings = {
				ASSETCATALOG_COMPILER_APPICON_NAME = AppIcon;
				ASSETCATALOG_COMPILER_GLOBAL_ACCENT_COLOR_NAME = AccentColor;
				CLANG_ENABLE_MODULES = YES;
				CODE_SIGN_STYLE = Automatic;
				DEVELOPMENT_TEAM = R9482QB963;
				INFOPLIST_FILE = Example_swift/Info.plist;
				IPHONEOS_DEPLOYMENT_TARGET = 12.0;
				LD_RUNPATH_SEARCH_PATHS = (
					"$(inherited)",
					"@executable_path/Frameworks",
				);
				PRODUCT_BUNDLE_IDENTIFIER = "com.flywithbug.Example-swift";
				PRODUCT_NAME = "$(TARGET_NAME)";
				SWIFT_OBJC_BRIDGING_HEADER = "Example_swift/Example_swift-Bridging-Header.h";
				SWIFT_VERSION = 5.0;
				TARGETED_DEVICE_FAMILY = "1,2";
			};
			name = Release;
		};
/* End XCBuildConfiguration section */

/* Begin XCConfigurationList section */
		B487A27F26946B36007DDF21 /* Build configuration list for PBXProject "Example_swift" */ = {
			isa = XCConfigurationList;
			buildConfigurations = (
				B487A29626946B39007DDF21 /* Debug */,
				B487A29726946B39007DDF21 /* Release */,
			);
			defaultConfigurationIsVisible = 0;
			defaultConfigurationName = Release;
		};
		B487A29826946B39007DDF21 /* Build configuration list for PBXNativeTarget "Example_swift" */ = {
			isa = XCConfigurationList;
			buildConfigurations = (
				B487A29926946B39007DDF21 /* Debug */,
				B487A29A26946B39007DDF21 /* Release */,
			);
			defaultConfigurationIsVisible = 0;
			defaultConfigurationName = Release;
		};
/* End XCConfigurationList section */
	};
	rootObject = B487A27C26946B36007DDF21 /* Project object */;
}
